
Microsoft Visual Studio Solution File, Format Version 12.00
# Visual Studio 14
VisualStudioVersion = 14.0.24720.0
MinimumVisualStudioVersion = 10.0.40219.1
Project("{FAE04EC0-301F-11D3-BF4B-00C04F79EFBC}") = "Desktop Controller", "Desktop Controller\Desktop Controller.csproj", "{5C5C070B-B71D-4769-83D7-09DFF06EE1CD}"
EndProject
Global
	GlobalSection(SolutionConfigurationPlatforms) = preSolution
		Debug|Any CPU = Debug|Any CPU
		Release|Any CPU = Release|Any CPU
	EndGlobalSection
	GlobalSection(ProjectConfigurationPlatforms) = postSolution
		{5C5C070B-B71D-4769-83D7-09DFF06EE1CD}.Debug|Any CPU.ActiveCfg = Release|Any CPU
		{5C5C070B-B71D-4769-83D7-09DFF06EE1CD}.Debug|Any CPU.Build.0 = Release|Any CPU
		{5C5C070B-B71D-4769-83D7-09DFF06EE1CD}.Release|Any CPU.ActiveCfg = Release|Any CPU
		{5C5C070B-B71D-4769-83D7-09DFF06EE1CD}.Release|Any CPU.Build.0 = Release|Any CPU
	EndGlobalSection
	GlobalSection(SolutionProperties) = preSolution
		HideSolutionNode = FALSE
	EndGlobalSection
EndGlobal
